
Microsoft Visual Studio Solution File, Format Version 12.00
# Visual Studio Version 16
VisualStudioVersion = 16.0.34301.259
MinimumVisualStudioVersion = 10.0.40219.1
Project("{9A19103F-16F7-4668-BE54-9A1E7A4F7556}") = "CalculatorFrontEnd", "CalculatorFrontEnd\CalculatorFrontEnd.csproj", "{28DF7489-7682-4F42-94B9-5835B000D91B}"
EndProject
Project("{9A19103F-16F7-4668-BE54-9A1E7A4F7556}") = "CalculatorApi", "CalculatorApi\CalculatorApi.csproj", "{E2742AC4-CE43-4C83-9B85-13A03ED4E58E}"
EndProject
Project("{FAE04EC0-301F-11D3-BF4B-00C04F79EFBC}") = "CalculatorApplication", "CalculatorApplication\CalculatorApplication.csproj", "{C36DB604-6AFA-44CB-9415-7F6ED9A122D9}"
EndProject
Global
	GlobalSection(SolutionConfigurationPlatforms) = preSolution
		Debug|Any CPU = Debug|Any CPU
		Release|Any CPU = Release|Any CPU
	EndGlobalSection
	GlobalSection(ProjectConfigurationPlatforms) = postSolution
		{28DF7489-7682-4F42-94B9-5835B000D91B}.Debug|Any CPU.ActiveCfg = Debug|Any CPU
		{28DF7489-7682-4F42-94B9-5835B000D91B}.Debug|Any CPU.Build.0 = Debug|Any CPU
		{28DF7489-7682-4F42-94B9-5835B000D91B}.Release|Any CPU.ActiveCfg = Release|Any CPU
		{28DF7489-7682-4F42-94B9-5835B000D91B}.Release|Any CPU.Build.0 = Release|Any CPU
		{E2742AC4-CE43-4C83-9B85-13A03ED4E58E}.Debug|Any CPU.ActiveCfg = Debug|Any CPU
		{E2742AC4-CE43-4C83-9B85-13A03ED4E58E}.Debug|Any CPU.Build.0 = Debug|Any CPU
		{E2742AC4-CE43-4C83-9B85-13A03ED4E58E}.Release|Any CPU.ActiveCfg = Release|Any CPU
		{E2742AC4-CE43-4C83-9B85-13A03ED4E58E}.Release|Any CPU.Build.0 = Release|Any CPU
		{C36DB604-6AFA-44CB-9415-7F6ED9A122D9}.Debug|Any CPU.ActiveCfg = Debug|Any CPU
		{C36DB604-6AFA-44CB-9415-7F6ED9A122D9}.Debug|Any CPU.Build.0 = Debug|Any CPU
		{C36DB604-6AFA-44CB-9415-7F6ED9A122D9}.Release|Any CPU.ActiveCfg = Release|Any CPU
		{C36DB604-6AFA-44CB-9415-7F6ED9A122D9}.Release|Any CPU.Build.0 = Release|Any CPU
	EndGlobalSection
	GlobalSection(SolutionProperties) = preSolution
		HideSolutionNode = FALSE
	EndGlobalSection
	GlobalSection(ExtensibilityGlobals) = postSolution
		SolutionGuid = {2EAD5290-9F43-4396-A3A5-3F787C057494}
	EndGlobalSection
EndGlobal
